
Microsoft Visual Studio Solution File, Format Version 12.00
# Visual Studio Version 17
VisualStudioVersion = 17.13.35919.96 d17.13
MinimumVisualStudioVersion = 10.0.40219.1
Project("{FAE04EC0-301F-11D3-BF4B-00C04F79EFBC}") = "WebApplication1", "WebApplication1\WebApplication1.csproj", "{E49A1B0E-699B-43A3-8BE1-C05C7B33090E}"
EndProject
Global
	GlobalSection(SolutionConfigurationPlatforms) = preSolution
		Debug|Any CPU = Debug|Any CPU
		Release|Any CPU = Release|Any CPU
	EndGlobalSection
	GlobalSection(ProjectConfigurationPlatforms) = postSolution
		{E49A1B0E-699B-43A3-8BE1-C05C7B33090E}.Debug|Any CPU.ActiveCfg = Debug|Any CPU
		{E49A1B0E-699B-43A3-8BE1-C05C7B33090E}.Debug|Any CPU.Build.0 = Debug|Any CPU
		{E49A1B0E-699B-43A3-8BE1-C05C7B33090E}.Release|Any CPU.ActiveCfg = Release|Any CPU
		{E49A1B0E-699B-43A3-8BE1-C05C7B33090E}.Release|Any CPU.Build.0 = Release|Any CPU
	EndGlobalSection
	GlobalSection(SolutionProperties) = preSolution
		HideSolutionNode = FALSE
	EndGlobalSection
	GlobalSection(ExtensibilityGlobals) = postSolution
		SolutionGuid = {591F3B2B-58D8-41EB-93DC-AF7925A7A3FE}
	EndGlobalSection
EndGlobal
